// !$*UTF8*$!
{
	archiveVersion = 1;
	classes = {
	};
	objectVersion = 50;
	objects = {

/* Begin PBXBuildFile section */
		C34857B023E666C7003E65C5 /* AppDelegate.swift in Sources */ = {isa = PBXBuildFile; fileRef = C34857AF23E666C7003E65C5 /* AppDelegate.swift */; };
		C34857B223E666C7003E65C5 /* SceneDelegate.swift in Sources */ = {isa = PBXBuildFile; fileRef = C34857B123E666C7003E65C5 /* SceneDelegate.swift */; };
		C34857B423E666C7003E65C5 /* ContentView.swift in Sources */ = {isa = PBXBuildFile; fileRef = C34857B323E666C7003E65C5 /* ContentView.swift */; };
		C34857B623E666CE003E65C5 /* Assets.xcassets in Resources */ = {isa = PBXBuildFile; fileRef = C34857B523E666CE003E65C5 /* Assets.xcassets */; };
		C34857B923E666CE003E65C5 /* Preview Assets.xcassets in Resources */ = {isa = PBXBuildFile; fileRef = C34857B823E666CE003E65C5 /* Preview Assets.xcassets */; };
		C34857BC23E666CE003E65C5 /* LaunchScreen.storyboard in Resources */ = {isa = PBXBuildFile; fileRef = C34857BA23E666CE003E65C5 /* LaunchScreen.storyboard */; };
		C34857C423E6673F003E65C5 /* Curve.swift in Sources */ = {isa = PBXBuildFile; fileRef = C34857C323E6673F003E65C5 /* Curve.swift */; };
		C396704724003DD000E2ECEE /* GridView.swift in Sources */ = {isa = PBXBuildFile; fileRef = C396704624003DD000E2ECEE /* GridView.swift */; };
		C396704924003E0C00E2ECEE /* AnimatedCurveView.swift in Sources */ = {isa = PBXBuildFile; fileRef = C396704824003E0C00E2ECEE /* AnimatedCurveView.swift */; };
/* End PBXBuildFile section */

/* Begin PBXFileReference section */
		C34857AC23E666C7003E65C5 /* lissajous-swiftui.app */ = {isa = PBXFileReference; explicitFileType = wrapper.application; includeInIndex = 0; path = "lissajous-swiftui.app"; sourceTree = BUILT_PRODUCTS_DIR; };
		C34857AF23E666C7003E65C5 /* AppDelegate.swift */ = {isa = PBXFileReference; lastKnownFileType = sourcecode.swift; path = AppDelegate.swift; sourceTree = "<group>"; };
		C34857B123E666C7003E65C5 /* SceneDelegate.swift */ = {isa = PBXFileReference; lastKnownFileType = sourcecode.swift; path = SceneDelegate.swift; sourceTree = "<group>"; };
		C34857B323E666C7003E65C5 /* ContentView.swift */ = {isa = PBXFileReference; lastKnownFileType = sourcecode.swift; path = ContentView.swift; sourceTree = "<group>"; };
		C34857B523E666CE003E65C5 /* Assets.xcassets */ = {isa = PBXFileReference; lastKnownFileType = folder.assetcatalog; path = Assets.xcassets; sourceTree = "<group>"; };
		C34857B823E666CE003E65C5 /* Preview Assets.xcassets */ = {isa = PBXFileReference; lastKnownFileType = folder.assetcatalog; path = "Preview Assets.xcassets"; sourceTree = "<group>"; };
		C34857BB23E666CE003E65C5 /* Base */ = {isa = PBXFileReference; lastKnownFileType = file.storyboard; name = Base; path = Base.lproj/LaunchScreen.storyboard; sourceTree = "<group>"; };
		C34857BD23E666CE003E65C5 /* Info.plist */ = {isa = PBXFileReference; lastKnownFileType = text.plist.xml; path = Info.plist; sourceTree = "<group>"; };
		C34857C323E6673F003E65C5 /* Curve.swift */ = {isa = PBXFileReference; lastKnownFileType = sourcecode.swift; path = Curve.swift; sourceTree = "<group>"; };
		C396704624003DD000E2ECEE /* GridView.swift */ = {isa = PBXFileReference; lastKnownFileType = sourcecode.swift; path = GridView.swift; sourceTree = "<group>"; };
		C396704824003E0C00E2ECEE /* AnimatedCurveView.swift */ = {isa = PBXFileReference; lastKnownFileType = sourcecode.swift; path = AnimatedCurveView.swift; sourceTree = "<group>"; };
/* End PBXFileReference section */

/* Begin PBXFrameworksBuildPhase section */
		C34857A923E666C7003E65C5 /* Frameworks */ = {
			isa = PBXFrameworksBuildPhase;
			buildActionMask = 2147483647;
			files = (
			);
			runOnlyForDeploymentPostprocessing = 0;
		};
/* End PBXFrameworksBuildPhase section */

/* Begin PBXGroup section */
		C34857A323E666C7003E65C5 = {
			isa = PBXGroup;
			children = (
				C34857AE23E666C7003E65C5 /* lissajous-swiftui */,
				C34857AD23E666C7003E65C5 /* Products */,
			);
			sourceTree = "<group>";
		};
		C34857AD23E666C7003E65C5 /* Products */ = {
			isa = PBXGroup;
			children = (
				C34857AC23E666C7003E65C5 /* lissajous-swiftui.app */,
			);
			name = Products;
			sourceTree = "<group>";
		};
		C34857AE23E666C7003E65C5 /* lissajous-swiftui */ = {
			isa = PBXGroup;
			children = (
				C34857AF23E666C7003E65C5 /* AppDelegate.swift */,
				C34857B123E666C7003E65C5 /* SceneDelegate.swift */,
				C396704A24003E5D00E2ECEE /* Shapes */,
				C396704523FF78C300E2ECEE /* Views */,
				C34857B523E666CE003E65C5 /* Assets.xcassets */,
				C34857BA23E666CE003E65C5 /* LaunchScreen.storyboard */,
				C34857BD23E666CE003E65C5 /* Info.plist */,
				C34857B723E666CE003E65C5 /* Preview Content */,
			);
			path = "lissajous-swiftui";
			sourceTree = "<group>";
		};
		C34857B723E666CE003E65C5 /* Preview Content */ = {
			isa = PBXGroup;
			children = (
				C34857B823E666CE003E65C5 /* Preview Assets.xcassets */,
			);
			path = "Preview Content";
			sourceTree = "<group>";
		};
		C396704523FF78C300E2ECEE /* Views */ = {
			isa = PBXGroup;
			children = (
				C34857B323E666C7003E65C5 /* ContentView.swift */,
				C396704824003E0C00E2ECEE /* AnimatedCurveView.swift */,
				C396704624003DD000E2ECEE /* GridView.swift */,
			);
			path = Views;
			sourceTree = "<group>";
		};
		C396704A24003E5D00E2ECEE /* Shapes */ = {
			isa = PBXGroup;
			children = (
				C34857C323E6673F003E65C5 /* Curve.swift */,
			);
			path = Shapes;
			sourceTree = "<group>";
		};
/* End PBXGroup section */

/* Begin PBXNativeTarget section */
		C34857AB23E666C7003E65C5 /* lissajous-swiftui */ = {
			isa = PBXNativeTarget;
			buildConfigurationList = C34857C023E666CE003E65C5 /* Build configuration list for PBXNativeTarget "lissajous-swiftui" */;
			buildPhases = (
				C34857A823E666C7003E65C5 /* Sources */,
				C34857A923E666C7003E65C5 /* Frameworks */,
				C34857AA23E666C7003E65C5 /* Resources */,
			);
			buildRules = (
			);
			dependencies = (
			);
			name = "lissajous-swiftui";
			productName = "lissajous-swiftui";
			productReference = C34857AC23E666C7003E65C5 /* lissajous-swiftui.app */;
			productType = "com.apple.product-type.application";
		};
/* End PBXNativeTarget section */

/* Begin PBXProject section */
		C34857A423E666C7003E65C5 /* Project object */ = {
			isa = PBXProject;
			attributes = {
				LastSwiftUpdateCheck = 1130;
				LastUpgradeCheck = 1130;
				ORGANIZATIONNAME = "Tanner Stokes";
				TargetAttributes = {
					C34857AB23E666C7003E65C5 = {
						CreatedOnToolsVersion = 11.3.1;
					};
				};
			};
			buildConfigurationList = C34857A723E666C7003E65C5 /* Build configuration list for PBXProject "lissajous-swiftui" */;
			compatibilityVersion = "Xcode 9.3";
			developmentRegion = en;
			hasScannedForEncodings = 0;
			knownRegions = (
				en,
				Base,
			);
			mainGroup = C34857A323E666C7003E65C5;
			productRefGroup = C34857AD23E666C7003E65C5 /* Products */;
			projectDirPath = "";
			projectRoot = "";
			targets = (
				C34857AB23E666C7003E65C5 /* lissajous-swiftui */,
			);
		};
/* End PBXProject section */

/* Begin PBXResourcesBuildPhase section */
		C34857AA23E666C7003E65C5 /* Resources */ = {
			isa = PBXResourcesBuildPhase;
			buildActionMask = 2147483647;
			files = (
				C34857BC23E666CE003E65C5 /* LaunchScreen.storyboard in Resources */,
				C34857B923E666CE003E65C5 /* Preview Assets.xcassets in Resources */,
				C34857B623E666CE003E65C5 /* Assets.xcassets in Resources */,
			);
			runOnlyForDeploymentPostprocessing = 0;
		};
/* End PBXResourcesBuildPhase section */

/* Begin PBXSourcesBuildPhase section */
		C34857A823E666C7003E65C5 /* Sources */ = {
			isa = PBXSourcesBuildPhase;
			buildActionMask = 2147483647;
			files = (
				C34857B023E666C7003E65C5 /* AppDelegate.swift in Sources */,
				C34857B223E666C7003E65C5 /* SceneDelegate.swift in Sources */,
				C34857B423E666C7003E65C5 /* ContentView.swift in Sources */,
				C396704924003E0C00E2ECEE /* AnimatedCurveView.swift in Sources */,
				C396704724003DD000E2ECEE /* GridView.swift in Sources */,
				C34857C423E6673F003E65C5 /* Curve.swift in Sources */,
			);
			runOnlyForDeploymentPostprocessing = 0;
		};
/* End PBXSourcesBuildPhase section */

/* Begin PBXVariantGroup section */
		C34857BA23E666CE003E65C5 /* LaunchScreen.storyboard */ = {
			isa = PBXVariantGroup;
			children = (
				C34857BB23E666CE003E65C5 /* Base */,
			);
			name = LaunchScreen.storyboard;
			sourceTree = "<group>";
		};
/* End PBXVariantGroup section */

/* Begin XCBuildConfiguration section */
		C34857BE23E666CE003E65C5 /* Debug */ = {
			isa = XCBuildConfiguration;
			buildSettings = {
				ALWAYS_SEARCH_USER_PATHS = NO;
				CLANG_ANALYZER_NONNULL = YES;
				CLANG_ANALYZER_NUMBER_OBJECT_CONVERSION = YES_AGGRESSIVE;
				CLANG_CXX_LANGUAGE_STANDARD = "gnu++14";
				CLANG_CXX_LIBRARY = "libc++";
				CLANG_ENABLE_MODULES = YES;
				CLANG_ENABLE_OBJC_ARC = YES;
				CLANG_ENABLE_OBJC_WEAK = YES;
				CLANG_WARN_BLOCK_CAPTURE_AUTORELEASING = YES;
				CLANG_WARN_BOOL_CONVERSION = YES;
				CLANG_WARN_COMMA = YES;
				CLANG_WARN_CONSTANT_CONVERSION = YES;
				CLANG_WARN_DEPRECATED_OBJC_IMPLEMENTATIONS = YES;
				CLANG_WARN_DIRECT_OBJC_ISA_USAGE = YES_ERROR;
				CLANG_WARN_DOCUMENTATION_COMMENTS = YES;
				CLANG_WARN_EMPTY_BODY = YES;
				CLANG_WARN_ENUM_CONVERSION = YES;
				CLANG_WARN_INFINITE_RECURSION = YES;
				CLANG_WARN_INT_CONVERSION = YES;
				CLANG_WARN_NON_LITERAL_NULL_CONVERSION = YES;
				CLANG_WARN_OBJC_IMPLICIT_RETAIN_SELF = YES;
				CLANG_WARN_OBJC_LITERAL_CONVERSION = YES;
				CLANG_WARN_OBJC_ROOT_CLASS = YES_ERROR;
				CLANG_WARN_RANGE_LOOP_ANALYSIS = YES;
				CLANG_WARN_STRICT_PROTOTYPES = YES;
				CLANG_WARN_SUSPICIOUS_MOVE = YES;
				CLANG_WARN_UNGUARDED_AVAILABILITY = YES_AGGRESSIVE;
				CLANG_WARN_UNREACHABLE_CODE = YES;
				CLANG_WARN__DUPLICATE_METHOD_MATCH = YES;
				COPY_PHASE_STRIP = NO;
				DEBUG_INFORMATION_FORMAT = dwarf;
				ENABLE_STRICT_OBJC_MSGSEND = YES;
				ENABLE_TESTABILITY = YES;
				GCC_C_LANGUAGE_STANDARD = gnu11;
				GCC_DYNAMIC_NO_PIC = NO;
				GCC_NO_COMMON_BLOCKS = YES;
				GCC_OPTIMIZATION_LEVEL = 0;
				GCC_PREPROCESSOR_DEFINITIONS = (
					"DEBUG=1",
					"$(inherited)",
				);
				GCC_WARN_64_TO_32_BIT_CONVERSION = YES;
				GCC_WARN_ABOUT_RETURN_TYPE = YES_ERROR;
				GCC_WARN_UNDECLARED_SELECTOR = YES;
				GCC_WARN_UNINITIALIZED_AUTOS = YES_AGGRESSIVE;
				GCC_WARN_UNUSED_FUNCTION = YES;
				GCC_WARN_UNUSED_VARIABLE = YES;
				IPHONEOS_DEPLOYMENT_TARGET = 13.2;
				MTL_ENABLE_DEBUG_INFO = INCLUDE_SOURCE;
				MTL_FAST_MATH = YES;
				ONLY_ACTIVE_ARCH = YES;
				SDKROOT = iphoneos;
				SWIFT_ACTIVE_COMPILATION_CONDITIONS = DEBUG;
				SWIFT_OPTIMIZATION_LEVEL = "-Onone";
			};
			name = Debug;
		};
		C34857BF23E666CE003E65C5 /* Release */ = {
			isa = XCBuildConfiguration;
			buildSettings = {
				ALWAYS_SEARCH_USER_PATHS = NO;
				CLANG_ANALYZER_NONNULL = YES;
				CLANG_ANALYZER_NUMBER_OBJECT_CONVERSION = YES_AGGRESSIVE;
				CLANG_CXX_LANGUAGE_STANDARD = "gnu++14";
				CLANG_CXX_LIBRARY = "libc++";
				CLANG_ENABLE_MODULES = YES;
				CLANG_ENABLE_OBJC_ARC = YES;
				CLANG_ENABLE_OBJC_WEAK = YES;
				CLANG_WARN_BLOCK_CAPTURE_AUTORELEASING = YES;
				CLANG_WARN_BOOL_CONVERSION = YES;
				CLANG_WARN_COMMA = YES;
				CLANG_WARN_CONSTANT_CONVERSION = YES;
				CLANG_WARN_DEPRECATED_OBJC_IMPLEMENTATIONS = YES;
				CLANG_WARN_DIRECT_OBJC_ISA_USAGE = YES_ERROR;
				CLANG_WARN_DOCUMENTATION_COMMENTS = YES;
				CLANG_WARN_EMPTY_BODY = YES;
				CLANG_WARN_ENUM_CONVERSION = YES;
				CLANG_WARN_INFINITE_RECURSION = YES;
				CLANG_WARN_INT_CONVERSION = YES;
				CLANG_WARN_NON_LITERAL_NULL_CONVERSION = YES;
				CLANG_WARN_OBJC_IMPLICIT_RETAIN_SELF = YES;
				CLANG_WARN_OBJC_LITERAL_CONVERSION = YES;
				CLANG_WARN_OBJC_ROOT_CLASS = YES_ERROR;
				CLANG_WARN_RANGE_LOOP_ANALYSIS = YES;
				CLANG_WARN_STRICT_PROTOTYPES = YES;
				CLANG_WARN_SUSPICIOUS_MOVE = YES;
				CLANG_WARN_UNGUARDED_AVAILABILITY = YES_AGGRESSIVE;
				CLANG_WARN_UNREACHABLE_CODE = YES;
				CLANG_WARN__DUPLICATE_METHOD_MATCH = YES;
				COPY_PHASE_STRIP = NO;
				DEBUG_INFORMATION_FORMAT = "dwarf-with-dsym";
				ENABLE_NS_ASSERTIONS = NO;
				ENABLE_STRICT_OBJC_MSGSEND = YES;
				GCC_C_LANGUAGE_STANDARD = gnu11;
				GCC_NO_COMMON_BLOCKS = YES;
				GCC_WARN_64_TO_32_BIT_CONVERSION = YES;
				GCC_WARN_ABOUT_RETURN_TYPE = YES_ERROR;
				GCC_WARN_UNDECLARED_SELECTOR = YES;
				GCC_WARN_UNINITIALIZED_AUTOS = YES_AGGRESSIVE;
				GCC_WARN_UNUSED_FUNCTION = YES;
				GCC_WARN_UNUSED_VARIABLE = YES;
				IPHONEOS_DEPLOYMENT_TARGET = 13.2;
				MTL_ENABLE_DEBUG_INFO = NO;
				MTL_FAST_MATH = YES;
				SDKROOT = iphoneos;
				SWIFT_COMPILATION_MODE = wholemodule;
				SWIFT_OPTIMIZATION_LEVEL = "-O";
				VALIDATE_PRODUCT = YES;
			};
			name = Release;
		};
		C34857C123E666CE003E65C5 /* Debug */ = {
			isa = XCBuildConfiguration;
			buildSettings = {
				ASSETCATALOG_COMPILER_APPICON_NAME = AppIcon;
				CODE_SIGN_STYLE = Automatic;
				DEVELOPMENT_ASSET_PATHS = "\"lissajous-swiftui/Preview Content\"";
				DEVELOPMENT_TEAM = AE76EV48ND;
				ENABLE_PREVIEWS = YES;
				INFOPLIST_FILE = "lissajous-swiftui/Info.plist";
				LD_RUNPATH_SEARCH_PATHS = (
					"$(inherited)",
					"@executable_path/Frameworks",
				);
				PRODUCT_BUNDLE_IDENTIFIER = "com.tannr.lissajous-swiftui";
				PRODUCT_NAME = "$(TARGET_NAME)";
				SWIFT_VERSION = 5.0;
				TARGETED_DEVICE_FAMILY = "1,2";
			};
			name = Debug;
		};
		C34857C223E666CE003E65C5 /* Release */ = {
			isa = XCBuildConfiguration;
			buildSettings = {
				ASSETCATALOG_COMPILER_APPICON_NAME = AppIcon;
				CODE_SIGN_STYLE = Automatic;
				DEVELOPMENT_ASSET_PATHS = "\"lissajous-swiftui/Preview Content\"";
				DEVELOPMENT_TEAM = AE76EV48ND;
				ENABLE_PREVIEWS = YES;
				INFOPLIST_FILE = "lissajous-swiftui/Info.plist";
				LD_RUNPATH_SEARCH_PATHS = (
					"$(inherited)",
					"@executable_path/Frameworks",
				);
				PRODUCT_BUNDLE_IDENTIFIER = "com.tannr.lissajous-swiftui";
				PRODUCT_NAME = "$(TARGET_NAME)";
				SWIFT_VERSION = 5.0;
				TARGETED_DEVICE_FAMILY = "1,2";
			};
			name = Release;
		};
/* End XCBuildConfiguration section */

/* Begin XCConfigurationList section */
		C34857A723E666C7003E65C5 /* Build configuration list for PBXProject "lissajous-swiftui" */ = {
			isa = XCConfigurationList;
			buildConfigurations = (
				C34857BE23E666CE003E65C5 /* Debug */,
				C34857BF23E666CE003E65C5 /* Release */,
			);
			defaultConfigurationIsVisible = 0;
			defaultConfigurationName = Release;
		};
		C34857C023E666CE003E65C5 /* Build configuration list for PBXNativeTarget "lissajous-swiftui" */ = {
			isa = XCConfigurationList;
			buildConfigurations = (
				C34857C123E666CE003E65C5 /* Debug */,
				C34857C223E666CE003E65C5 /* Release */,
			);
			defaultConfigurationIsVisible = 0;
			defaultConfigurationName = Release;
		};
/* End XCConfigurationList section */
	};
	rootObject = C34857A423E666C7003E65C5 /* Project object */;
}
